// !$*UTF8*$!
{
	archiveVersion = 1;
	classes = {
	};
	objectVersion = 46;
	objects = {

/* Begin PBXBuildFile section */
		B2EE9DDF19526C60003A807F /* Foundation.framework in Frameworks */ = {isa = PBXBuildFile; fileRef = B2EE9DDE19526C60003A807F /* Foundation.framework */; };
		B2EE9DE119526C60003A807F /* CoreGraphics.framework in Frameworks */ = {isa = PBXBuildFile; fileRef = B2EE9DE019526C60003A807F /* CoreGraphics.framework */; };
		B2EE9DE319526C60003A807F /* UIKit.framework in Frameworks */ = {isa = PBXBuildFile; fileRef = B2EE9DE219526C60003A807F /* UIKit.framework */; };
		B2EE9DE919526C60003A807F /* InfoPlist.strings in Resources */ = {isa = PBXBuildFile; fileRef = B2EE9DE719526C60003A807F /* InfoPlist.strings */; };
		B2EE9DEB19526C60003A807F /* main.m in Sources */ = {isa = PBXBuildFile; fileRef = B2EE9DEA19526C60003A807F /* main.m */; };
		B2EE9DEF19526C60003A807F /* FGAppDelegate.m in Sources */ = {isa = PBXBuildFile; fileRef = B2EE9DEE19526C60003A807F /* FGAppDelegate.m */; };
		B2EE9DF119526C60003A807F /* Images.xcassets in Resources */ = {isa = PBXBuildFile; fileRef = B2EE9DF019526C60003A807F /* Images.xcassets */; };
		B2EE9DF819526C60003A807F /* XCTest.framework in Frameworks */ = {isa = PBXBuildFile; fileRef = B2EE9DF719526C60003A807F /* XCTest.framework */; };
		B2EE9DF919526C60003A807F /* Foundation.framework in Frameworks */ = {isa = PBXBuildFile; fileRef = B2EE9DDE19526C60003A807F /* Foundation.framework */; };
		B2EE9DFA19526C60003A807F /* UIKit.framework in Frameworks */ = {isa = PBXBuildFile; fileRef = B2EE9DE219526C60003A807F /* UIKit.framework */; };
		B2EE9E0219526C60003A807F /* InfoPlist.strings in Resources */ = {isa = PBXBuildFile; fileRef = B2EE9E0019526C60003A807F /* InfoPlist.strings */; };
		B2EE9E0419526C60003A807F /* QuizTests.m in Sources */ = {isa = PBXBuildFile; fileRef = B2EE9E0319526C60003A807F /* QuizTests.m */; };
		B2EE9E1019526DA8003A807F /* FGQuizViewController.m in Sources */ = {isa = PBXBuildFile; fileRef = B2EE9E0E19526DA8003A807F /* FGQuizViewController.m */; };
		B2EE9E1119526DA8003A807F /* FGQuizViewController.xib in Resources */ = {isa = PBXBuildFile; fileRef = B2EE9E0F19526DA8003A807F /* FGQuizViewController.xib */; };
/* End PBXBuildFile section */

/* Begin PBXContainerItemProxy section */
		B2EE9DFB19526C60003A807F /* PBXContainerItemProxy */ = {
			isa = PBXContainerItemProxy;
			containerPortal = B2EE9DD319526C60003A807F /* Project object */;
			proxyType = 1;
			remoteGlobalIDString = B2EE9DDA19526C60003A807F;
			remoteInfo = Quiz;
		};
/* End PBXContainerItemProxy section */

/* Begin PBXFileReference section */
		B2EE9DDB19526C60003A807F /* Quiz.app */ = {isa = PBXFileReference; explicitFileType = wrapper.application; includeInIndex = 0; path = Quiz.app; sourceTree = BUILT_PRODUCTS_DIR; };
		B2EE9DDE19526C60003A807F /* Foundation.framework */ = {isa = PBXFileReference; lastKnownFileType = wrapper.framework; name = Foundation.framework; path = System/Library/Frameworks/Foundation.framework; sourceTree = SDKROOT; };
		B2EE9DE019526C60003A807F /* CoreGraphics.framework */ = {isa = PBXFileReference; lastKnownFileType = wrapper.framework; name = CoreGraphics.framework; path = System/Library/Frameworks/CoreGraphics.framework; sourceTree = SDKROOT; };
		B2EE9DE219526C60003A807F /* UIKit.framework */ = {isa = PBXFileReference; lastKnownFileType = wrapper.framework; name = UIKit.framework; path = System/Library/Frameworks/UIKit.framework; sourceTree = SDKROOT; };
		B2EE9DE619526C60003A807F /* Quiz-Info.plist */ = {isa = PBXFileReference; lastKnownFileType = text.plist.xml; path = "Quiz-Info.plist"; sourceTree = "<group>"; };
		B2EE9DE819526C60003A807F /* en */ = {isa = PBXFileReference; lastKnownFileType = text.plist.strings; name = en; path = en.lproj/InfoPlist.strings; sourceTree = "<group>"; };
		B2EE9DEA19526C60003A807F /* main.m */ = {isa = PBXFileReference; lastKnownFileType = sourcecode.c.objc; path = main.m; sourceTree = "<group>"; };
		B2EE9DEC19526C60003A807F /* Quiz-Prefix.pch */ = {isa = PBXFileReference; lastKnownFileType = sourcecode.c.h; path = "Quiz-Prefix.pch"; sourceTree = "<group>"; };
		B2EE9DED19526C60003A807F /* FGAppDelegate.h */ = {isa = PBXFileReference; lastKnownFileType = sourcecode.c.h; path = FGAppDelegate.h; sourceTree = "<group>"; };
		B2EE9DEE19526C60003A807F /* FGAppDelegate.m */ = {isa = PBXFileReference; lastKnownFileType = sourcecode.c.objc; path = FGAppDelegate.m; sourceTree = "<group>"; };
		B2EE9DF019526C60003A807F /* Images.xcassets */ = {isa = PBXFileReference; lastKnownFileType = folder.assetcatalog; path = Images.xcassets; sourceTree = "<group>"; };
		B2EE9DF619526C60003A807F /* QuizTests.xctest */ = {isa = PBXFileReference; explicitFileType = wrapper.cfbundle; includeInIndex = 0; path = QuizTests.xctest; sourceTree = BUILT_PRODUCTS_DIR; };
		B2EE9DF719526C60003A807F /* XCTest.framework */ = {isa = PBXFileReference; lastKnownFileType = wrapper.framework; name = XCTest.framework; path = Library/Frameworks/XCTest.framework; sourceTree = DEVELOPER_DIR; };
		B2EE9DFF19526C60003A807F /* QuizTests-Info.plist */ = {isa = PBXFileReference; lastKnownFileType = text.plist.xml; path = "QuizTests-Info.plist"; sourceTree = "<group>"; };
		B2EE9E0119526C60003A807F /* en */ = {isa = PBXFileReference; lastKnownFileType = text.plist.strings; name = en; path = en.lproj/InfoPlist.strings; sourceTree = "<group>"; };
		B2EE9E0319526C60003A807F /* QuizTests.m */ = {isa = PBXFileReference; lastKnownFileType = sourcecode.c.objc; path = QuizTests.m; sourceTree = "<group>"; };
		B2EE9E0D19526DA8003A807F /* FGQuizViewController.h */ = {isa = PBXFileReference; fileEncoding = 4; lastKnownFileType = sourcecode.c.h; path = FGQuizViewController.h; sourceTree = "<group>"; };
		B2EE9E0E19526DA8003A807F /* FGQuizViewController.m */ = {isa = PBXFileReference; fileEncoding = 4; lastKnownFileType = sourcecode.c.objc; path = FGQuizViewController.m; sourceTree = "<group>"; };
		B2EE9E0F19526DA8003A807F /* FGQuizViewController.xib */ = {isa = PBXFileReference; fileEncoding = 4; lastKnownFileType = file.xib; path = FGQuizViewController.xib; sourceTree = "<group>"; };
/* End PBXFileReference section */

/* Begin PBXFrameworksBuildPhase section */
		B2EE9DD819526C60003A807F /* Frameworks */ = {
			isa = PBXFrameworksBuildPhase;
			buildActionMask = 2147483647;
			files = (
				B2EE9DE119526C60003A807F /* CoreGraphics.framework in Frameworks */,
				B2EE9DE319526C60003A807F /* UIKit.framework in Frameworks */,
				B2EE9DDF19526C60003A807F /* Foundation.framework in Frameworks */,
			);
			runOnlyForDeploymentPostprocessing = 0;
		};
		B2EE9DF319526C60003A807F /* Frameworks */ = {
			isa = PBXFrameworksBuildPhase;
			buildActionMask = 2147483647;
			files = (
				B2EE9DF819526C60003A807F /* XCTest.framework in Frameworks */,
				B2EE9DFA19526C60003A807F /* UIKit.framework in Frameworks */,
				B2EE9DF919526C60003A807F /* Foundation.framework in Frameworks */,
			);
			runOnlyForDeploymentPostprocessing = 0;
		};
/* End PBXFrameworksBuildPhase section */

/* Begin PBXGroup section */
		B2EE9DD219526C60003A807F = {
			isa = PBXGroup;
			children = (
				B2EE9DE419526C60003A807F /* Quiz */,
				B2EE9DFD19526C60003A807F /* QuizTests */,
				B2EE9DDD19526C60003A807F /* Frameworks */,
				B2EE9DDC19526C60003A807F /* Products */,
			);
			sourceTree = "<group>";
		};
		B2EE9DDC19526C60003A807F /* Products */ = {
			isa = PBXGroup;
			children = (
				B2EE9DDB19526C60003A807F /* Quiz.app */,
				B2EE9DF619526C60003A807F /* QuizTests.xctest */,
			);
			name = Products;
			sourceTree = "<group>";
		};
		B2EE9DDD19526C60003A807F /* Frameworks */ = {
			isa = PBXGroup;
			children = (
				B2EE9DDE19526C60003A807F /* Foundation.framework */,
				B2EE9DE019526C60003A807F /* CoreGraphics.framework */,
				B2EE9DE219526C60003A807F /* UIKit.framework */,
				B2EE9DF719526C60003A807F /* XCTest.framework */,
			);
			name = Frameworks;
			sourceTree = "<group>";
		};
		B2EE9DE419526C60003A807F /* Quiz */ = {
			isa = PBXGroup;
			children = (
				B2EE9DED19526C60003A807F /* FGAppDelegate.h */,
				B2EE9DEE19526C60003A807F /* FGAppDelegate.m */,
				B2EE9DF019526C60003A807F /* Images.xcassets */,
				B2EE9DE519526C60003A807F /* Supporting Files */,
				B2EE9E0D19526DA8003A807F /* FGQuizViewController.h */,
				B2EE9E0E19526DA8003A807F /* FGQuizViewController.m */,
				B2EE9E0F19526DA8003A807F /* FGQuizViewController.xib */,
			);
			path = Quiz;
			sourceTree = "<group>";
		};
		B2EE9DE519526C60003A807F /* Supporting Files */ = {
			isa = PBXGroup;
			children = (
				B2EE9DE619526C60003A807F /* Quiz-Info.plist */,
				B2EE9DE719526C60003A807F /* InfoPlist.strings */,
				B2EE9DEA19526C60003A807F /* main.m */,
				B2EE9DEC19526C60003A807F /* Quiz-Prefix.pch */,
			);
			name = "Supporting Files";
			sourceTree = "<group>";
		};
		B2EE9DFD19526C60003A807F /* QuizTests */ = {
			isa = PBXGroup;
			children = (
				B2EE9E0319526C60003A807F /* QuizTests.m */,
				B2EE9DFE19526C60003A807F /* Supporting Files */,
			);
			path = QuizTests;
			sourceTree = "<group>";
		};
		B2EE9DFE19526C60003A807F /* Supporting Files */ = {
			isa = PBXGroup;
			children = (
				B2EE9DFF19526C60003A807F /* QuizTests-Info.plist */,
				B2EE9E0019526C60003A807F /* InfoPlist.strings */,
			);
			name = "Supporting Files";
			sourceTree = "<group>";
		};
/* End PBXGroup section */

/* Begin PBXNativeTarget section */
		B2EE9DDA19526C60003A807F /* Quiz */ = {
			isa = PBXNativeTarget;
			buildConfigurationList = B2EE9E0719526C60003A807F /* Build configuration list for PBXNativeTarget "Quiz" */;
			buildPhases = (
				B2EE9DD719526C60003A807F /* Sources */,
				B2EE9DD819526C60003A807F /* Frameworks */,
				B2EE9DD919526C60003A807F /* Resources */,
			);
			buildRules = (
			);
			dependencies = (
			);
			name = Quiz;
			productName = Quiz;
			productReference = B2EE9DDB19526C60003A807F /* Quiz.app */;
			productType = "com.apple.product-type.application";
		};
		B2EE9DF519526C60003A807F /* QuizTests */ = {
			isa = PBXNativeTarget;
			buildConfigurationList = B2EE9E0A19526C60003A807F /* Build configuration list for PBXNativeTarget "QuizTests" */;
			buildPhases = (
				B2EE9DF219526C60003A807F /* Sources */,
				B2EE9DF319526C60003A807F /* Frameworks */,
				B2EE9DF419526C60003A807F /* Resources */,
			);
			buildRules = (
			);
			dependencies = (
				B2EE9DFC19526C60003A807F /* PBXTargetDependency */,
			);
			name = QuizTests;
			productName = QuizTests;
			productReference = B2EE9DF619526C60003A807F /* QuizTests.xctest */;
			productType = "com.apple.product-type.bundle.unit-test";
		};
/* End PBXNativeTarget section */

/* Begin PBXProject section */
		B2EE9DD319526C60003A807F /* Project object */ = {
			isa = PBXProject;
			attributes = {
				CLASSPREFIX = FG;
				LastUpgradeCheck = 0510;
				ORGANIZATIONNAME = "Fernando Garcia, Jr";
				TargetAttributes = {
					B2EE9DF519526C60003A807F = {
						TestTargetID = B2EE9DDA19526C60003A807F;
					};
				};
			};
			buildConfigurationList = B2EE9DD619526C60003A807F /* Build configuration list for PBXProject "Quiz" */;
			compatibilityVersion = "Xcode 3.2";
			developmentRegion = English;
			hasScannedForEncodings = 0;
			knownRegions = (
				en,
			);
			mainGroup = B2EE9DD219526C60003A807F;
			productRefGroup = B2EE9DDC19526C60003A807F /* Products */;
			projectDirPath = "";
			projectRoot = "";
			targets = (
				B2EE9DDA19526C60003A807F /* Quiz */,
				B2EE9DF519526C60003A807F /* QuizTests */,
			);
		};
/* End PBXProject section */

/* Begin PBXResourcesBuildPhase section */
		B2EE9DD919526C60003A807F /* Resources */ = {
			isa = PBXResourcesBuildPhase;
			buildActionMask = 2147483647;
			files = (
				B2EE9DE919526C60003A807F /* InfoPlist.strings in Resources */,
				B2EE9DF119526C60003A807F /* Images.xcassets in Resources */,
				B2EE9E1119526DA8003A807F /* FGQuizViewController.xib in Resources */,
			);
			runOnlyForDeploymentPostprocessing = 0;
		};
		B2EE9DF419526C60003A807F /* Resources */ = {
			isa = PBXResourcesBuildPhase;
			buildActionMask = 2147483647;
			files = (
				B2EE9E0219526C60003A807F /* InfoPlist.strings in Resources */,
			);
			runOnlyForDeploymentPostprocessing = 0;
		};
/* End PBXResourcesBuildPhase section */

/* Begin PBXSourcesBuildPhase section */
		B2EE9DD719526C60003A807F /* Sources */ = {
			isa = PBXSourcesBuildPhase;
			buildActionMask = 2147483647;
			files = (
				B2EE9DEB19526C60003A807F /* main.m in Sources */,
				B2EE9DEF19526C60003A807F /* FGAppDelegate.m in Sources */,
				B2EE9E1019526DA8003A807F /* FGQuizViewController.m in Sources */,
			);
			runOnlyForDeploymentPostprocessing = 0;
		};
		B2EE9DF219526C60003A807F /* Sources */ = {
			isa = PBXSourcesBuildPhase;
			buildActionMask = 2147483647;
			files = (
				B2EE9E0419526C60003A807F /* QuizTests.m in Sources */,
			);
			runOnlyForDeploymentPostprocessing = 0;
		};
/* End PBXSourcesBuildPhase section */

/* Begin PBXTargetDependency section */
		B2EE9DFC19526C60003A807F /* PBXTargetDependency */ = {
			isa = PBXTargetDependency;
			target = B2EE9DDA19526C60003A807F /* Quiz */;
			targetProxy = B2EE9DFB19526C60003A807F /* PBXContainerItemProxy */;
		};
/* End PBXTargetDependency section */

/* Begin PBXVariantGroup section */
		B2EE9DE719526C60003A807F /* InfoPlist.strings */ = {
			isa = PBXVariantGroup;
			children = (
				B2EE9DE819526C60003A807F /* en */,
			);
			name = InfoPlist.strings;
			sourceTree = "<group>";
		};
		B2EE9E0019526C60003A807F /* InfoPlist.strings */ = {
			isa = PBXVariantGroup;
			children = (
				B2EE9E0119526C60003A807F /* en */,
			);
			name = InfoPlist.strings;
			sourceTree = "<group>";
		};
/* End PBXVariantGroup section */

/* Begin XCBuildConfiguration section */
		B2EE9E0519526C60003A807F /* Debug */ = {
			isa = XCBuildConfiguration;
			buildSettings = {
				ALWAYS_SEARCH_USER_PATHS = NO;
				CLANG_CXX_LANGUAGE_STANDARD = "gnu++0x";
				CLANG_CXX_LIBRARY = "libc++";
				CLANG_ENABLE_MODULES = YES;
				CLANG_ENABLE_OBJC_ARC = YES;
				CLANG_WARN_BOOL_CONVERSION = YES;
				CLANG_WARN_CONSTANT_CONVERSION = YES;
				CLANG_WARN_DIRECT_OBJC_ISA_USAGE = YES_ERROR;
				CLANG_WARN_EMPTY_BODY = YES;
				CLANG_WARN_ENUM_CONVERSION = YES;
				CLANG_WARN_INT_CONVERSION = YES;
				CLANG_WARN_OBJC_ROOT_CLASS = YES_ERROR;
				CLANG_WARN__DUPLICATE_METHOD_MATCH = YES;
				"CODE_SIGN_IDENTITY[sdk=iphoneos*]" = "iPhone Developer";
				COPY_PHASE_STRIP = NO;
				GCC_C_LANGUAGE_STANDARD = gnu99;
				GCC_DYNAMIC_NO_PIC = NO;
				GCC_OPTIMIZATION_LEVEL = 0;
				GCC_PREPROCESSOR_DEFINITIONS = (
					"DEBUG=1",
					"$(inherited)",
				);
				GCC_SYMBOLS_PRIVATE_EXTERN = NO;
				GCC_WARN_64_TO_32_BIT_CONVERSION = YES;
				GCC_WARN_ABOUT_RETURN_TYPE = YES_ERROR;
				GCC_WARN_UNDECLARED_SELECTOR = YES;
				GCC_WARN_UNINITIALIZED_AUTOS = YES_AGGRESSIVE;
				GCC_WARN_UNUSED_FUNCTION = YES;
				GCC_WARN_UNUSED_VARIABLE = YES;
				IPHONEOS_DEPLOYMENT_TARGET = 6.0;
				ONLY_ACTIVE_ARCH = YES;
				PROVISIONING_PROFILE = "D31EBEFB-632A-4F19-AAFD-EC982AE9322E";
				SDKROOT = iphoneos;
			};
			name = Debug;
		};
		B2EE9E0619526C60003A807F /* Release */ = {
			isa = XCBuildConfiguration;
			buildSettings = {
				ALWAYS_SEARCH_USER_PATHS = NO;
				CLANG_CXX_LANGUAGE_STANDARD = "gnu++0x";
				CLANG_CXX_LIBRARY = "libc++";
				CLANG_ENABLE_MODULES = YES;
				CLANG_ENABLE_OBJC_ARC = YES;
				CLANG_WARN_BOOL_CONVERSION = YES;
				CLANG_WARN_CONSTANT_CONVERSION = YES;
				CLANG_WARN_DIRECT_OBJC_ISA_USAGE = YES_ERROR;
				CLANG_WARN_EMPTY_BODY = YES;
				CLANG_WARN_ENUM_CONVERSION = YES;
				CLANG_WARN_INT_CONVERSION = YES;
				CLANG_WARN_OBJC_ROOT_CLASS = YES_ERROR;
				CLANG_WARN__DUPLICATE_METHOD_MATCH = YES;
				"CODE_SIGN_IDENTITY[sdk=iphoneos*]" = "iPhone Developer";
				COPY_PHASE_STRIP = YES;
				ENABLE_NS_ASSERTIONS = NO;
				GCC_C_LANGUAGE_STANDARD = gnu99;
				GCC_WARN_64_TO_32_BIT_CONVERSION = YES;
				GCC_WARN_ABOUT_RETURN_TYPE = YES_ERROR;
				GCC_WARN_UNDECLARED_SELECTOR = YES;
				GCC_WARN_UNINITIALIZED_AUTOS = YES_AGGRESSIVE;
				GCC_WARN_UNUSED_FUNCTION = YES;
				GCC_WARN_UNUSED_VARIABLE = YES;
				IPHONEOS_DEPLOYMENT_TARGET = 6.0;
				PROVISIONING_PROFILE = "D31EBEFB-632A-4F19-AAFD-EC982AE9322E";
				SDKROOT = iphoneos;
				VALIDATE_PRODUCT = YES;
			};
			name = Release;
		};
		B2EE9E0819526C60003A807F /* Debug */ = {
			isa = XCBuildConfiguration;
			buildSettings = {
				ASSETCATALOG_COMPILER_APPICON_NAME = AppIcon;
				ASSETCATALOG_COMPILER_LAUNCHIMAGE_NAME = LaunchImage;
				GCC_PRECOMPILE_PREFIX_HEADER = YES;
				GCC_PREFIX_HEADER = "Quiz/Quiz-Prefix.pch";
				INFOPLIST_FILE = "Quiz/Quiz-Info.plist";
				PRODUCT_NAME = "$(TARGET_NAME)";
				WRAPPER_EXTENSION = app;
			};
			name = Debug;
		};
		B2EE9E0919526C60003A807F /* Release */ = {
			isa = XCBuildConfiguration;
			buildSettings = {
				ASSETCATALOG_COMPILER_APPICON_NAME = AppIcon;
				ASSETCATALOG_COMPILER_LAUNCHIMAGE_NAME = LaunchImage;
				GCC_PRECOMPILE_PREFIX_HEADER = YES;
				GCC_PREFIX_HEADER = "Quiz/Quiz-Prefix.pch";
				INFOPLIST_FILE = "Quiz/Quiz-Info.plist";
				PRODUCT_NAME = "$(TARGET_NAME)";
				WRAPPER_EXTENSION = app;
			};
			name = Release;
		};
		B2EE9E0B19526C60003A807F /* Debug */ = {
			isa = XCBuildConfiguration;
			buildSettings = {
				BUNDLE_LOADER = "$(BUILT_PRODUCTS_DIR)/Quiz.app/Quiz";
				FRAMEWORK_SEARCH_PATHS = (
					"$(SDKROOT)/Developer/Library/Frameworks",
					"$(inherited)",
					"$(DEVELOPER_FRAMEWORKS_DIR)",
				);
				GCC_PRECOMPILE_PREFIX_HEADER = YES;
				GCC_PREFIX_HEADER = "Quiz/Quiz-Prefix.pch";
				GCC_PREPROCESSOR_DEFINITIONS = (
					"DEBUG=1",
					"$(inherited)",
				);
				INFOPLIST_FILE = "QuizTests/QuizTests-Info.plist";
				PRODUCT_NAME = "$(TARGET_NAME)";
				TEST_HOST = "$(BUNDLE_LOADER)";
				WRAPPER_EXTENSION = xctest;
			};
			name = Debug;
		};
		B2EE9E0C19526C60003A807F /* Release */ = {
			isa = XCBuildConfiguration;
			buildSettings = {
				BUNDLE_LOADER = "$(BUILT_PRODUCTS_DIR)/Quiz.app/Quiz";
				FRAMEWORK_SEARCH_PATHS = (
					"$(SDKROOT)/Developer/Library/Frameworks",
					"$(inherited)",
					"$(DEVELOPER_FRAMEWORKS_DIR)",
				);
				GCC_PRECOMPILE_PREFIX_HEADER = YES;
				GCC_PREFIX_HEADER = "Quiz/Quiz-Prefix.pch";
				INFOPLIST_FILE = "QuizTests/QuizTests-Info.plist";
				PRODUCT_NAME = "$(TARGET_NAME)";
				TEST_HOST = "$(BUNDLE_LOADER)";
				WRAPPER_EXTENSION = xctest;
			};
			name = Release;
		};
/* End XCBuildConfiguration section */

/* Begin XCConfigurationList section */
		B2EE9DD619526C60003A807F /* Build configuration list for PBXProject "Quiz" */ = {
			isa = XCConfigurationList;
			buildConfigurations = (
				B2EE9E0519526C60003A807F /* Debug */,
				B2EE9E0619526C60003A807F /* Release */,
			);
			defaultConfigurationIsVisible = 0;
			defaultConfigurationName = Release;
		};
		B2EE9E0719526C60003A807F /* Build configuration list for PBXNativeTarget "Quiz" */ = {
			isa = XCConfigurationList;
			buildConfigurations = (
				B2EE9E0819526C60003A807F /* Debug */,
				B2EE9E0919526C60003A807F /* Release */,
			);
			defaultConfigurationIsVisible = 0;
			defaultConfigurationName = Release;
		};
		B2EE9E0A19526C60003A807F /* Build configuration list for PBXNativeTarget "QuizTests" */ = {
			isa = XCConfigurationList;
			buildConfigurations = (
				B2EE9E0B19526C60003A807F /* Debug */,
				B2EE9E0C19526C60003A807F /* Release */,
			);
			defaultConfigurationIsVisible = 0;
			defaultConfigurationName = Release;
		};
/* End XCConfigurationList section */
	};
	rootObject = B2EE9DD319526C60003A807F /* Project object */;
}
